<?xml version="1.0" encoding="utf-8"?>
<Project ToolsVersion="4.0" xmlns="http://schemas.microsoft.com/developer/msbuild/2003">
  <ItemGroup>
    <Filter Include="소스 파일">
      <UniqueIdentifier>{4FC737F1-C7A5-4376-A066-2A32D752A2FF}</UniqueIdentifier>
      <Extensions>cpp;c;cc;cxx;def;odl;idl;hpj;bat;asm;asmx</Extensions>
    </Filter>
    <Filter Include="헤더 파일">
      <UniqueIdentifier>{93995380-89BD-4b04-88EB-625FBE52EBFB}</UniqueIdentifier>
      <Extensions>h;hh;hpp;hxx;hm;inl;inc;xsd</Extensions>
    </Filter>
    <Filter Include="리소스 파일">
      <UniqueIdentifier>{67DA6AB6-F800-4c08-8B7A-83BB121AAD01}</UniqueIdentifier>
      <Extensions>rc;ico;cur;bmp;dlg;rc2;rct;bin;rgs;gif;jpg;jpeg;jpe;resx;tiff;tif;png;wav;mfcribbon-ms</Extensions>
    </Filter>
    <Filter Include="SoundManager">
      <UniqueIdentifier>{50111d60-d41b-4c3f-8f8d-905c0044ebc2}</UniqueIdentifier>
    </Filter>
    <Filter Include="stdafx">
      <UniqueIdentifier>{22e35e18-65e2-4da4-947f-a5de2a87b077}</UniqueIdentifier>
    </Filter>
    <Filter Include="CGLFramework">
      <UniqueIdentifier>{ae40e185-f1bf-429d-bf7d-a66913f0a7ac}</UniqueIdentifier>
    </Filter>
    <Filter Include="Vector">
      <UniqueIdentifier>{67c50696-20da-4de8-ba24-687a7f7e6f84}</UniqueIdentifier>
    </Filter>
    <Filter Include="Modeling">
      <UniqueIdentifier>{82b185f5-36a0-4a48-8570-ef4800d3db17}</UniqueIdentifier>
    </Filter>
  </ItemGroup>
  <ItemGroup>
    <ClInclude Include="CGLFramework.h">
      <Filter>CGLFramework</Filter>
    </ClInclude>
    <ClInclude Include="SoundManager.h">
      <Filter>SoundManager</Filter>
    </ClInclude>
    <ClInclude Include="stdafx.h">
      <Filter>stdafx</Filter>
    </ClInclude>
    <ClInclude Include="Vector2.h">
      <Filter>Vector</Filter>
    </ClInclude>
    <ClInclude Include="Vector3.h">
      <Filter>Vector</Filter>
    </ClInclude>
    <ClInclude Include="Aabb.h">
      <Filter>헤더 파일</Filter>
    </ClInclude>
    <ClInclude Include="Camera.h">
      <Filter>헤더 파일</Filter>
    </ClInclude>
    <ClInclude Include="Key.h">
      <Filter>Modeling</Filter>
    </ClInclude>
    <ClInclude Include="Zakka.h">
      <Filter>Modeling</Filter>
    </ClInclude>
  </ItemGroup>
  <ItemGroup>
    <ClCompile Include="main.cpp">
      <Filter>소스 파일</Filter>
    </ClCompile>
    <ClCompile Include="CGLFramework.cpp">
      <Filter>CGLFramework</Filter>
    </ClCompile>
    <ClCompile Include="SoundManager.cpp">
      <Filter>SoundManager</Filter>
    </ClCompile>
    <ClCompile Include="stdafx.cpp">
      <Filter>stdafx</Filter>
    </ClCompile>
    <ClCompile Include="Vector2.cpp">
      <Filter>Vector</Filter>
    </ClCompile>
    <ClCompile Include="Vector3.cpp">
      <Filter>Vector</Filter>
    </ClCompile>
    <ClCompile Include="Key.cpp">
      <Filter>Modeling</Filter>
    </ClCompile>
    <ClCompile Include="Zakka.cpp">
      <Filter>Modeling</Filter>
    </ClCompile>
  </ItemGroup>
</Project>